
Microsoft Visual Studio Solution File, Format Version 12.00
# Visual Studio Version 17
VisualStudioVersion = 17.4.33213.308
MinimumVisualStudioVersion = 10.0.40219.1
Project("{FAE04EC0-301F-11D3-BF4B-00C04F79EFBC}") = "grocery_store", "grocery_store\grocery_store.csproj", "{6DCBE5FA-8FAE-493D-B3BF-403769BCAF8E}"
EndProject
Global
	GlobalSection(SolutionConfigurationPlatforms) = preSolution
		Debug|Any CPU = Debug|Any CPU
		Release|Any CPU = Release|Any CPU
	EndGlobalSection
	GlobalSection(ProjectConfigurationPlatforms) = postSolution
		{6DCBE5FA-8FAE-493D-B3BF-403769BCAF8E}.Debug|Any CPU.ActiveCfg = Debug|Any CPU
		{6DCBE5FA-8FAE-493D-B3BF-403769BCAF8E}.Debug|Any CPU.Build.0 = Debug|Any CPU
		{6DCBE5FA-8FAE-493D-B3BF-403769BCAF8E}.Release|Any CPU.ActiveCfg = Release|Any CPU
		{6DCBE5FA-8FAE-493D-B3BF-403769BCAF8E}.Release|Any CPU.Build.0 = Release|Any CPU
	EndGlobalSection
	GlobalSection(SolutionProperties) = preSolution
		HideSolutionNode = FALSE
	EndGlobalSection
	GlobalSection(ExtensibilityGlobals) = postSolution
		SolutionGuid = {F5C73F2A-13D9-45D8-8136-65DA208CC6F7}
	EndGlobalSection
EndGlobal
